
Microsoft Visual Studio Solution File, Format Version 12.00
# Visual Studio Version 17
VisualStudioVersion = 17.9.34723.18
MinimumVisualStudioVersion = 10.0.40219.1
Project("{9A19103F-16F7-4668-BE54-9A1E7A4F7556}") = "InforceApi", "InforceApi.csproj", "{4045D489-1581-463B-9C5E-3073ACA6BE43}"
	ProjectSection(ProjectDependencies) = postProject
		{58D16999-BFD3-4951-B530-2AFCB4D915BD} = {58D16999-BFD3-4951-B530-2AFCB4D915BD}
		{B8051A75-A120-4A91-B5AE-53604390DB4B} = {B8051A75-A120-4A91-B5AE-53604390DB4B}
	EndProjectSection
EndProject
Project("{9A19103F-16F7-4668-BE54-9A1E7A4F7556}") = "InforceData", "..\InforceData\InforceData.csproj", "{B8051A75-A120-4A91-B5AE-53604390DB4B}"
EndProject
Project("{9A19103F-16F7-4668-BE54-9A1E7A4F7556}") = "InforceBL", "..\InforceBL\InforceBL.csproj", "{58D16999-BFD3-4951-B530-2AFCB4D915BD}"
	ProjectSection(ProjectDependencies) = postProject
		{B8051A75-A120-4A91-B5AE-53604390DB4B} = {B8051A75-A120-4A91-B5AE-53604390DB4B}
	EndProjectSection
EndProject
Global
	GlobalSection(SolutionConfigurationPlatforms) = preSolution
		Debug|Any CPU = Debug|Any CPU
		Release|Any CPU = Release|Any CPU
	EndGlobalSection
	GlobalSection(ProjectConfigurationPlatforms) = postSolution
		{4045D489-1581-463B-9C5E-3073ACA6BE43}.Debug|Any CPU.ActiveCfg = Debug|Any CPU
		{4045D489-1581-463B-9C5E-3073ACA6BE43}.Debug|Any CPU.Build.0 = Debug|Any CPU
		{4045D489-1581-463B-9C5E-3073ACA6BE43}.Release|Any CPU.ActiveCfg = Release|Any CPU
		{4045D489-1581-463B-9C5E-3073ACA6BE43}.Release|Any CPU.Build.0 = Release|Any CPU
		{B8051A75-A120-4A91-B5AE-53604390DB4B}.Debug|Any CPU.ActiveCfg = Debug|Any CPU
		{B8051A75-A120-4A91-B5AE-53604390DB4B}.Debug|Any CPU.Build.0 = Debug|Any CPU
		{B8051A75-A120-4A91-B5AE-53604390DB4B}.Release|Any CPU.ActiveCfg = Release|Any CPU
		{B8051A75-A120-4A91-B5AE-53604390DB4B}.Release|Any CPU.Build.0 = Release|Any CPU
		{58D16999-BFD3-4951-B530-2AFCB4D915BD}.Debug|Any CPU.ActiveCfg = Debug|Any CPU
		{58D16999-BFD3-4951-B530-2AFCB4D915BD}.Debug|Any CPU.Build.0 = Debug|Any CPU
		{58D16999-BFD3-4951-B530-2AFCB4D915BD}.Release|Any CPU.ActiveCfg = Release|Any CPU
		{58D16999-BFD3-4951-B530-2AFCB4D915BD}.Release|Any CPU.Build.0 = Release|Any CPU
	EndGlobalSection
	GlobalSection(SolutionProperties) = preSolution
		HideSolutionNode = FALSE
	EndGlobalSection
	GlobalSection(ExtensibilityGlobals) = postSolution
		SolutionGuid = {2C3D1BA7-2B9E-4907-AC27-E335EB6AD427}
	EndGlobalSection
EndGlobal
